
Microsoft Visual Studio Solution File, Format Version 12.00
# Visual Studio 15
Project("{FAE04EC0-301F-11D3-BF4B-00C04F79EFBC}") = "UnityEngine.TestRunner", "UnityEngine.TestRunner.csproj", "{28050600-B477-E81A-3CEC-8FA208719E14}"
EndProject
Project("{FAE04EC0-301F-11D3-BF4B-00C04F79EFBC}") = "Unity.Timeline", "Unity.Timeline.csproj", "{82946A90-186D-A644-5892-20D03EAA534C}"
EndProject
Project("{FAE04EC0-301F-11D3-BF4B-00C04F79EFBC}") = "Unity.ProBuilder", "Unity.ProBuilder.csproj", "{5624BF30-4A83-D8B6-2EEB-C83257FD81AE}"
EndProject
Project("{FAE04EC0-301F-11D3-BF4B-00C04F79EFBC}") = "Unity.TextMeshPro", "Unity.TextMeshPro.csproj", "{8BFDD299-D2C7-2527-1CBD-7D5DEC8CC33D}"
EndProject
Project("{FAE04EC0-301F-11D3-BF4B-00C04F79EFBC}") = "Unity.ProBuilder.Poly2Tri", "Unity.ProBuilder.Poly2Tri.csproj", "{A60E987D-9FAB-75C8-CE82-7B21066985B4}"
EndProject
Project("{FAE04EC0-301F-11D3-BF4B-00C04F79EFBC}") = "Unity.ProGrids", "Unity.ProGrids.csproj", "{DD8EDF6F-41E1-A0A0-9234-4B52E2C76A22}"
EndProject
Project("{FAE04EC0-301F-11D3-BF4B-00C04F79EFBC}") = "Unity.ProBuilder.Csg", "Unity.ProBuilder.Csg.csproj", "{035EC4DE-4C8C-A5D3-AB59-F39DB56EA183}"
EndProject
Project("{FAE04EC0-301F-11D3-BF4B-00C04F79EFBC}") = "Unity.ProBuilder.KdTree", "Unity.ProBuilder.KdTree.csproj", "{10A53A1B-6C2D-5455-7C5B-BD0774294389}"
EndProject
Project("{FAE04EC0-301F-11D3-BF4B-00C04F79EFBC}") = "Unity.ProBuilder.Stl", "Unity.ProBuilder.Stl.csproj", "{4B1FBCCD-BC1A-8767-78CE-DF0221FBE520}"
EndProject
Project("{FAE04EC0-301F-11D3-BF4B-00C04F79EFBC}") = "Assembly-CSharp", "Assembly-CSharp.csproj", "{AAFB7696-7713-0BC8-3B74-12BFF8B29F94}"
EndProject
Project("{FAE04EC0-301F-11D3-BF4B-00C04F79EFBC}") = "Assembly-CSharp-firstpass", "Assembly-CSharp-firstpass.csproj", "{A60B167B-B198-7703-979C-9F668C5E2B5C}"
EndProject
Project("{FAE04EC0-301F-11D3-BF4B-00C04F79EFBC}") = "UnityEditor.TestRunner", "UnityEditor.TestRunner.csproj", "{557F187D-11B0-0AE7-1B41-1324EBB58CFF}"
EndProject
Project("{FAE04EC0-301F-11D3-BF4B-00C04F79EFBC}") = "Unity.ProBuilder.Editor", "Unity.ProBuilder.Editor.csproj", "{02D3D1D1-5F7A-064F-30B3-282455C49BCC}"
EndProject
Project("{FAE04EC0-301F-11D3-BF4B-00C04F79EFBC}") = "Unity.PlasticSCM.Editor", "Unity.PlasticSCM.Editor.csproj", "{B74CE7E7-FE40-A536-07EF-3B02AF5BFB67}"
EndProject
Project("{FAE04EC0-301F-11D3-BF4B-00C04F79EFBC}") = "Unity.Services.Core.Editor", "Unity.Services.Core.Editor.csproj", "{2569D18E-750D-A201-3D8F-8C287CD75A48}"
EndProject
Project("{FAE04EC0-301F-11D3-BF4B-00C04F79EFBC}") = "Unity.Timeline.Editor", "Unity.Timeline.Editor.csproj", "{4CD88953-9D49-6BD5-D9D6-EF3AEB596488}"
EndProject
Project("{FAE04EC0-301F-11D3-BF4B-00C04F79EFBC}") = "Unity.VisualStudio.Editor", "Unity.VisualStudio.Editor.csproj", "{1D903522-F6D1-67AE-623B-34C0FE6129B6}"
EndProject
Project("{FAE04EC0-301F-11D3-BF4B-00C04F79EFBC}") = "Unity.TextMeshPro.Editor", "Unity.TextMeshPro.Editor.csproj", "{D59449B1-9AFB-1874-4AC8-462FD291D524}"
EndProject
Project("{FAE04EC0-301F-11D3-BF4B-00C04F79EFBC}") = "Unity.CollabProxy.Editor", "Unity.CollabProxy.Editor.csproj", "{BBF86DC2-B7DD-B253-E04A-213AE4B808BF}"
EndProject
Project("{FAE04EC0-301F-11D3-BF4B-00C04F79EFBC}") = "Unity.Rider.Editor", "Unity.Rider.Editor.csproj", "{3E9050EF-699C-64CB-F710-F75EB35A97E6}"
EndProject
Project("{FAE04EC0-301F-11D3-BF4B-00C04F79EFBC}") = "Unity.DeviceSimulator.Editor", "Unity.DeviceSimulator.Editor.csproj", "{A646CE4A-244C-B563-7227-A8CFB5359AA2}"
EndProject
Project("{FAE04EC0-301F-11D3-BF4B-00C04F79EFBC}") = "Unity.ProGrids.Editor", "Unity.ProGrids.Editor.csproj", "{C3C13819-216D-AB22-8652-BF583D11690B}"
EndProject
Project("{FAE04EC0-301F-11D3-BF4B-00C04F79EFBC}") = "Unity.VSCode.Editor", "Unity.VSCode.Editor.csproj", "{9175B33F-99ED-9075-555F-19A0134938C1}"
EndProject
Project("{FAE04EC0-301F-11D3-BF4B-00C04F79EFBC}") = "Unity.ProBuilder.AssetIdRemapUtility", "Unity.ProBuilder.AssetIdRemapUtility.csproj", "{6B401F85-1CE7-2B12-786C-BB79848800BF}"
EndProject
Project("{FAE04EC0-301F-11D3-BF4B-00C04F79EFBC}") = "Unity.Settings.Editor", "Unity.Settings.Editor.csproj", "{44EEDCCA-2D2A-D951-8BA9-9D73796098BE}"
EndProject
Project("{FAE04EC0-301F-11D3-BF4B-00C04F79EFBC}") = "Unity.ProBuilder.AddOns.Editor", "Unity.ProBuilder.AddOns.Editor.csproj", "{D9B4D88E-03E5-BB49-C14C-4F28BDEABDCF}"
EndProject
Project("{FAE04EC0-301F-11D3-BF4B-00C04F79EFBC}") = "Assembly-CSharp-Editor", "Assembly-CSharp-Editor.csproj", "{A3D567D5-97DB-9A92-D56E-125E981910D7}"
EndProject
Global
	GlobalSection(SolutionConfigurationPlatforms) = preSolution
		Debug|Any CPU = Debug|Any CPU
		Release|Any CPU = Release|Any CPU
	EndGlobalSection
	GlobalSection(ProjectConfigurationPlatforms) = postSolution
		{28050600-B477-E81A-3CEC-8FA208719E14}.Debug|Any CPU.ActiveCfg = Debug|Any CPU
		{28050600-B477-E81A-3CEC-8FA208719E14}.Debug|Any CPU.Build.0 = Debug|Any CPU
		{28050600-B477-E81A-3CEC-8FA208719E14}.Release|Any CPU.ActiveCfg = Release|Any CPU
		{28050600-B477-E81A-3CEC-8FA208719E14}.Release|Any CPU.Build.0 = Release|Any CPU
		{82946A90-186D-A644-5892-20D03EAA534C}.Debug|Any CPU.ActiveCfg = Debug|Any CPU
		{82946A90-186D-A644-5892-20D03EAA534C}.Debug|Any CPU.Build.0 = Debug|Any CPU
		{82946A90-186D-A644-5892-20D03EAA534C}.Release|Any CPU.ActiveCfg = Release|Any CPU
		{82946A90-186D-A644-5892-20D03EAA534C}.Release|Any CPU.Build.0 = Release|Any CPU
		{5624BF30-4A83-D8B6-2EEB-C83257FD81AE}.Debug|Any CPU.ActiveCfg = Debug|Any CPU
		{5624BF30-4A83-D8B6-2EEB-C83257FD81AE}.Debug|Any CPU.Build.0 = Debug|Any CPU
		{5624BF30-4A83-D8B6-2EEB-C83257FD81AE}.Release|Any CPU.ActiveCfg = Release|Any CPU
		{5624BF30-4A83-D8B6-2EEB-C83257FD81AE}.Release|Any CPU.Build.0 = Release|Any CPU
		{8BFDD299-D2C7-2527-1CBD-7D5DEC8CC33D}.Debug|Any CPU.ActiveCfg = Debug|Any CPU
		{8BFDD299-D2C7-2527-1CBD-7D5DEC8CC33D}.Debug|Any CPU.Build.0 = Debug|Any CPU
		{8BFDD299-D2C7-2527-1CBD-7D5DEC8CC33D}.Release|Any CPU.ActiveCfg = Release|Any CPU
		{8BFDD299-D2C7-2527-1CBD-7D5DEC8CC33D}.Release|Any CPU.Build.0 = Release|Any CPU
		{A60E987D-9FAB-75C8-CE82-7B21066985B4}.Debug|Any CPU.ActiveCfg = Debug|Any CPU
		{A60E987D-9FAB-75C8-CE82-7B21066985B4}.Debug|Any CPU.Build.0 = Debug|Any CPU
		{A60E987D-9FAB-75C8-CE82-7B21066985B4}.Release|Any CPU.ActiveCfg = Release|Any CPU
		{A60E987D-9FAB-75C8-CE82-7B21066985B4}.Release|Any CPU.Build.0 = Release|Any CPU
		{DD8EDF6F-41E1-A0A0-9234-4B52E2C76A22}.Debug|Any CPU.ActiveCfg = Debug|Any CPU
		{DD8EDF6F-41E1-A0A0-9234-4B52E2C76A22}.Debug|Any CPU.Build.0 = Debug|Any CPU
		{DD8EDF6F-41E1-A0A0-9234-4B52E2C76A22}.Release|Any CPU.ActiveCfg = Release|Any CPU
		{DD8EDF6F-41E1-A0A0-9234-4B52E2C76A22}.Release|Any CPU.Build.0 = Release|Any CPU
		{035EC4DE-4C8C-A5D3-AB59-F39DB56EA183}.Debug|Any CPU.ActiveCfg = Debug|Any CPU
		{035EC4DE-4C8C-A5D3-AB59-F39DB56EA183}.Debug|Any CPU.Build.0 = Debug|Any CPU
		{035EC4DE-4C8C-A5D3-AB59-F39DB56EA183}.Release|Any CPU.ActiveCfg = Release|Any CPU
		{035EC4DE-4C8C-A5D3-AB59-F39DB56EA183}.Release|Any CPU.Build.0 = Release|Any CPU
		{10A53A1B-6C2D-5455-7C5B-BD0774294389}.Debug|Any CPU.ActiveCfg = Debug|Any CPU
		{10A53A1B-6C2D-5455-7C5B-BD0774294389}.Debug|Any CPU.Build.0 = Debug|Any CPU
		{10A53A1B-6C2D-5455-7C5B-BD0774294389}.Release|Any CPU.ActiveCfg = Release|Any CPU
		{10A53A1B-6C2D-5455-7C5B-BD0774294389}.Release|Any CPU.Build.0 = Release|Any CPU
		{4B1FBCCD-BC1A-8767-78CE-DF0221FBE520}.Debug|Any CPU.ActiveCfg = Debug|Any CPU
		{4B1FBCCD-BC1A-8767-78CE-DF0221FBE520}.Debug|Any CPU.Build.0 = Debug|Any CPU
		{4B1FBCCD-BC1A-8767-78CE-DF0221FBE520}.Release|Any CPU.ActiveCfg = Release|Any CPU
		{4B1FBCCD-BC1A-8767-78CE-DF0221FBE520}.Release|Any CPU.Build.0 = Release|Any CPU
		{AAFB7696-7713-0BC8-3B74-12BFF8B29F94}.Debug|Any CPU.ActiveCfg = Debug|Any CPU
		{AAFB7696-7713-0BC8-3B74-12BFF8B29F94}.Debug|Any CPU.Build.0 = Debug|Any CPU
		{AAFB7696-7713-0BC8-3B74-12BFF8B29F94}.Release|Any CPU.ActiveCfg = Release|Any CPU
		{AAFB7696-7713-0BC8-3B74-12BFF8B29F94}.Release|Any CPU.Build.0 = Release|Any CPU
		{A60B167B-B198-7703-979C-9F668C5E2B5C}.Debug|Any CPU.ActiveCfg = Debug|Any CPU
		{A60B167B-B198-7703-979C-9F668C5E2B5C}.Debug|Any CPU.Build.0 = Debug|Any CPU
		{A60B167B-B198-7703-979C-9F668C5E2B5C}.Release|Any CPU.ActiveCfg = Release|Any CPU
		{A60B167B-B198-7703-979C-9F668C5E2B5C}.Release|Any CPU.Build.0 = Release|Any CPU
		{557F187D-11B0-0AE7-1B41-1324EBB58CFF}.Debug|Any CPU.ActiveCfg = Debug|Any CPU
		{557F187D-11B0-0AE7-1B41-1324EBB58CFF}.Debug|Any CPU.Build.0 = Debug|Any CPU
		{557F187D-11B0-0AE7-1B41-1324EBB58CFF}.Release|Any CPU.ActiveCfg = Release|Any CPU
		{557F187D-11B0-0AE7-1B41-1324EBB58CFF}.Release|Any CPU.Build.0 = Release|Any CPU
		{02D3D1D1-5F7A-064F-30B3-282455C49BCC}.Debug|Any CPU.ActiveCfg = Debug|Any CPU
		{02D3D1D1-5F7A-064F-30B3-282455C49BCC}.Debug|Any CPU.Build.0 = Debug|Any CPU
		{02D3D1D1-5F7A-064F-30B3-282455C49BCC}.Release|Any CPU.ActiveCfg = Release|Any CPU
		{02D3D1D1-5F7A-064F-30B3-282455C49BCC}.Release|Any CPU.Build.0 = Release|Any CPU
		{B74CE7E7-FE40-A536-07EF-3B02AF5BFB67}.Debug|Any CPU.ActiveCfg = Debug|Any CPU
		{B74CE7E7-FE40-A536-07EF-3B02AF5BFB67}.Debug|Any CPU.Build.0 = Debug|Any CPU
		{B74CE7E7-FE40-A536-07EF-3B02AF5BFB67}.Release|Any CPU.ActiveCfg = Release|Any CPU
		{B74CE7E7-FE40-A536-07EF-3B02AF5BFB67}.Release|Any CPU.Build.0 = Release|Any CPU
		{2569D18E-750D-A201-3D8F-8C287CD75A48}.Debug|Any CPU.ActiveCfg = Debug|Any CPU
		{2569D18E-750D-A201-3D8F-8C287CD75A48}.Debug|Any CPU.Build.0 = Debug|Any CPU
		{2569D18E-750D-A201-3D8F-8C287CD75A48}.Release|Any CPU.ActiveCfg = Release|Any CPU
		{2569D18E-750D-A201-3D8F-8C287CD75A48}.Release|Any CPU.Build.0 = Release|Any CPU
		{4CD88953-9D49-6BD5-D9D6-EF3AEB596488}.Debug|Any CPU.ActiveCfg = Debug|Any CPU
		{4CD88953-9D49-6BD5-D9D6-EF3AEB596488}.Debug|Any CPU.Build.0 = Debug|Any CPU
		{4CD88953-9D49-6BD5-D9D6-EF3AEB596488}.Release|Any CPU.ActiveCfg = Release|Any CPU
		{4CD88953-9D49-6BD5-D9D6-EF3AEB596488}.Release|Any CPU.Build.0 = Release|Any CPU
		{1D903522-F6D1-67AE-623B-34C0FE6129B6}.Debug|Any CPU.ActiveCfg = Debug|Any CPU
		{1D903522-F6D1-67AE-623B-34C0FE6129B6}.Debug|Any CPU.Build.0 = Debug|Any CPU
		{1D903522-F6D1-67AE-623B-34C0FE6129B6}.Release|Any CPU.ActiveCfg = Release|Any CPU
		{1D903522-F6D1-67AE-623B-34C0FE6129B6}.Release|Any CPU.Build.0 = Release|Any CPU
		{D59449B1-9AFB-1874-4AC8-462FD291D524}.Debug|Any CPU.ActiveCfg = Debug|Any CPU
		{D59449B1-9AFB-1874-4AC8-462FD291D524}.Debug|Any CPU.Build.0 = Debug|Any CPU
		{D59449B1-9AFB-1874-4AC8-462FD291D524}.Release|Any CPU.ActiveCfg = Release|Any CPU
		{D59449B1-9AFB-1874-4AC8-462FD291D524}.Release|Any CPU.Build.0 = Release|Any CPU
		{BBF86DC2-B7DD-B253-E04A-213AE4B808BF}.Debug|Any CPU.ActiveCfg = Debug|Any CPU
		{BBF86DC2-B7DD-B253-E04A-213AE4B808BF}.Debug|Any CPU.Build.0 = Debug|Any CPU
		{BBF86DC2-B7DD-B253-E04A-213AE4B808BF}.Release|Any CPU.ActiveCfg = Release|Any CPU
		{BBF86DC2-B7DD-B253-E04A-213AE4B808BF}.Release|Any CPU.Build.0 = Release|Any CPU
		{3E9050EF-699C-64CB-F710-F75EB35A97E6}.Debug|Any CPU.ActiveCfg = Debug|Any CPU
		{3E9050EF-699C-64CB-F710-F75EB35A97E6}.Debug|Any CPU.Build.0 = Debug|Any CPU
		{3E9050EF-699C-64CB-F710-F75EB35A97E6}.Release|Any CPU.ActiveCfg = Release|Any CPU
		{3E9050EF-699C-64CB-F710-F75EB35A97E6}.Release|Any CPU.Build.0 = Release|Any CPU
		{A646CE4A-244C-B563-7227-A8CFB5359AA2}.Debug|Any CPU.ActiveCfg = Debug|Any CPU
		{A646CE4A-244C-B563-7227-A8CFB5359AA2}.Debug|Any CPU.Build.0 = Debug|Any CPU
		{A646CE4A-244C-B563-7227-A8CFB5359AA2}.Release|Any CPU.ActiveCfg = Release|Any CPU
		{A646CE4A-244C-B563-7227-A8CFB5359AA2}.Release|Any CPU.Build.0 = Release|Any CPU
		{C3C13819-216D-AB22-8652-BF583D11690B}.Debug|Any CPU.ActiveCfg = Debug|Any CPU
		{C3C13819-216D-AB22-8652-BF583D11690B}.Debug|Any CPU.Build.0 = Debug|Any CPU
		{C3C13819-216D-AB22-8652-BF583D11690B}.Release|Any CPU.ActiveCfg = Release|Any CPU
		{C3C13819-216D-AB22-8652-BF583D11690B}.Release|Any CPU.Build.0 = Release|Any CPU
		{9175B33F-99ED-9075-555F-19A0134938C1}.Debug|Any CPU.ActiveCfg = Debug|Any CPU
		{9175B33F-99ED-9075-555F-19A0134938C1}.Debug|Any CPU.Build.0 = Debug|Any CPU
		{9175B33F-99ED-9075-555F-19A0134938C1}.Release|Any CPU.ActiveCfg = Release|Any CPU
		{9175B33F-99ED-9075-555F-19A0134938C1}.Release|Any CPU.Build.0 = Release|Any CPU
		{6B401F85-1CE7-2B12-786C-BB79848800BF}.Debug|Any CPU.ActiveCfg = Debug|Any CPU
		{6B401F85-1CE7-2B12-786C-BB79848800BF}.Debug|Any CPU.Build.0 = Debug|Any CPU
		{6B401F85-1CE7-2B12-786C-BB79848800BF}.Release|Any CPU.ActiveCfg = Release|Any CPU
		{6B401F85-1CE7-2B12-786C-BB79848800BF}.Release|Any CPU.Build.0 = Release|Any CPU
		{44EEDCCA-2D2A-D951-8BA9-9D73796098BE}.Debug|Any CPU.ActiveCfg = Debug|Any CPU
		{44EEDCCA-2D2A-D951-8BA9-9D73796098BE}.Debug|Any CPU.Build.0 = Debug|Any CPU
		{44EEDCCA-2D2A-D951-8BA9-9D73796098BE}.Release|Any CPU.ActiveCfg = Release|Any CPU
		{44EEDCCA-2D2A-D951-8BA9-9D73796098BE}.Release|Any CPU.Build.0 = Release|Any CPU
		{D9B4D88E-03E5-BB49-C14C-4F28BDEABDCF}.Debug|Any CPU.ActiveCfg = Debug|Any CPU
		{D9B4D88E-03E5-BB49-C14C-4F28BDEABDCF}.Debug|Any CPU.Build.0 = Debug|Any CPU
		{D9B4D88E-03E5-BB49-C14C-4F28BDEABDCF}.Release|Any CPU.ActiveCfg = Release|Any CPU
		{D9B4D88E-03E5-BB49-C14C-4F28BDEABDCF}.Release|Any CPU.Build.0 = Release|Any CPU
		{A3D567D5-97DB-9A92-D56E-125E981910D7}.Debug|Any CPU.ActiveCfg = Debug|Any CPU
		{A3D567D5-97DB-9A92-D56E-125E981910D7}.Debug|Any CPU.Build.0 = Debug|Any CPU
		{A3D567D5-97DB-9A92-D56E-125E981910D7}.Release|Any CPU.ActiveCfg = Release|Any CPU
		{A3D567D5-97DB-9A92-D56E-125E981910D7}.Release|Any CPU.Build.0 = Release|Any CPU
	EndGlobalSection
	GlobalSection(SolutionProperties) = preSolution
		HideSolutionNode = FALSE
	EndGlobalSection
EndGlobal
